
Microsoft Visual Studio Solution File, Format Version 12.00
# Visual Studio Version 16
VisualStudioVersion = 16.0.30804.86
MinimumVisualStudioVersion = 10.0.40219.1
Project("{FAE04EC0-301F-11D3-BF4B-00C04F79EFBC}") = "FUJI DASHBOARD", "FUJI DASHBOARD\FUJI DASHBOARD.csproj", "{525669E3-0CDA-4CEF-9B0F-475E81CE9259}"
EndProject
Global
	GlobalSection(SolutionConfigurationPlatforms) = preSolution
		Debug|Any CPU = Debug|Any CPU
		Release|Any CPU = Release|Any CPU
	EndGlobalSection
	GlobalSection(ProjectConfigurationPlatforms) = postSolution
		{525669E3-0CDA-4CEF-9B0F-475E81CE9259}.Debug|Any CPU.ActiveCfg = Debug|Any CPU
		{525669E3-0CDA-4CEF-9B0F-475E81CE9259}.Debug|Any CPU.Build.0 = Debug|Any CPU
		{525669E3-0CDA-4CEF-9B0F-475E81CE9259}.Release|Any CPU.ActiveCfg = Release|Any CPU
		{525669E3-0CDA-4CEF-9B0F-475E81CE9259}.Release|Any CPU.Build.0 = Release|Any CPU
	EndGlobalSection
	GlobalSection(SolutionProperties) = preSolution
		HideSolutionNode = FALSE
	EndGlobalSection
	GlobalSection(ExtensibilityGlobals) = postSolution
		SolutionGuid = {4F6EE696-F65B-43C4-BE21-3F0E6074B81F}
	EndGlobalSection
EndGlobal
